
Microsoft Visual Studio Solution File, Format Version 12.00
# Visual Studio Version 17
VisualStudioVersion = 17.1.32328.378
MinimumVisualStudioVersion = 10.0.40219.1
Project("{FAE04EC0-301F-11D3-BF4B-00C04F79EFBC}") = "E-Sports Pvt Ltd", "E-Sports Pvt Ltd.csproj", "{B97B31CD-D122-496E-ABA9-2D60FD7892A0}"
EndProject
Global
	GlobalSection(SolutionConfigurationPlatforms) = preSolution
		Debug|Any CPU = Debug|Any CPU
		Release|Any CPU = Release|Any CPU
	EndGlobalSection
	GlobalSection(ProjectConfigurationPlatforms) = postSolution
		{B97B31CD-D122-496E-ABA9-2D60FD7892A0}.Debug|Any CPU.ActiveCfg = Debug|Any CPU
		{B97B31CD-D122-496E-ABA9-2D60FD7892A0}.Debug|Any CPU.Build.0 = Debug|Any CPU
		{B97B31CD-D122-496E-ABA9-2D60FD7892A0}.Release|Any CPU.ActiveCfg = Release|Any CPU
		{B97B31CD-D122-496E-ABA9-2D60FD7892A0}.Release|Any CPU.Build.0 = Release|Any CPU
	EndGlobalSection
	GlobalSection(SolutionProperties) = preSolution
		HideSolutionNode = FALSE
	EndGlobalSection
	GlobalSection(ExtensibilityGlobals) = postSolution
		SolutionGuid = {F12E3526-673B-4B78-9C50-51E29630F599}
	EndGlobalSection
EndGlobal
